
Microsoft Visual Studio Solution File, Format Version 12.00
# Visual Studio Version 17
VisualStudioVersion = 17.0.31903.59
MinimumVisualStudioVersion = 10.0.40219.1
Project("{FAE04EC0-301F-11D3-BF4B-00C04F79EFBC}") = "TestPuppeteer", "TestPuppeteer\TestPuppeteer.csproj", "{147A9A9E-C822-48F2-BBA9-75D4A0A024C5}"
EndProject
Global
	GlobalSection(SolutionConfigurationPlatforms) = preSolution
		Debug|Any CPU = Debug|Any CPU
		Release|Any CPU = Release|Any CPU
	EndGlobalSection
	GlobalSection(ProjectConfigurationPlatforms) = postSolution
		{147A9A9E-C822-48F2-BBA9-75D4A0A024C5}.Debug|Any CPU.ActiveCfg = Debug|Any CPU
		{147A9A9E-C822-48F2-BBA9-75D4A0A024C5}.Debug|Any CPU.Build.0 = Debug|Any CPU
		{147A9A9E-C822-48F2-BBA9-75D4A0A024C5}.Release|Any CPU.ActiveCfg = Release|Any CPU
		{147A9A9E-C822-48F2-BBA9-75D4A0A024C5}.Release|Any CPU.Build.0 = Release|Any CPU
	EndGlobalSection
	GlobalSection(SolutionProperties) = preSolution
		HideSolutionNode = FALSE
	EndGlobalSection
	GlobalSection(ExtensibilityGlobals) = postSolution
		SolutionGuid = {A83BD683-44BB-4C07-A15F-CC0B6953DB64}
	EndGlobalSection
EndGlobal
